{
  "name": "node-app",
  "version": "1.0.0",
  "lockfileVersion": 1,
  "requires": true,
  "dependencies": {
    "lion-lib-ghkobbs": {
      "version": "1.0.0",
      "resolved": "https://registry.npmjs.org/lion-lib-ghkobbs/-/lion-lib-ghkobbs-1.0.0.tgz",
      "integrity": "sha512-VGRISjd9DZ+/zZt8n/g3X4TdghEORrCjrFwt0vaugHsir8JpKlP0iNHtnRVTDAQwsfoTPVpzSW2GzdRCBiIDWg=="
    }
  }
}
